{
  "name": "ark_vant",
  "version": "1.0.0",
  "lockfileVersion": 1,
  "requires": true,
  "dependencies": {
    "@vant/weapp": {
      "version": "1.8.3",
      "resolved": "https://registry.npmjs.org/@vant/weapp/-/weapp-1.8.3.tgz",
      "integrity": "sha512-hePGNEfRbyEw9bIz6GXIkgxHM3xlfFL0MtNmLv7gGqAvyF/s4H1t6v1l9kfhXXBU+7ac7SUufbJ5r38dVSl8vA=="
    },
    "miniprogram-api-typings": {
      "version": "3.4.3",
      "resolved": "https://registry.npmjs.org/miniprogram-api-typings/-/miniprogram-api-typings-3.4.3.tgz",
      "integrity": "sha512-wdBZG2IImFjkTFv66r225455J+//gn4c7Ja99aC3mVV0AqTRl45FwAFA7ur9KZd2j+ORGtyK1ldBT49rXpVE2w==",
      "dev": true
    }
  }
}
