{
  "name": "ark_vant",
  "version": "1.0.0",
  "lockfileVersion": 1,
  "requires": true,
  "dependencies": {
    "@vant/weapp": {
      "version": "1.7.2",
      "resolved": "https://registry.npmjs.org/@vant/weapp/-/weapp-1.7.2.tgz",
      "integrity": "sha512-hI5tCJuzi1xDVpX8oP1GCBwpGHiu1+jA+9rMVggFwpF/6W6itk3Oggt3tT1nhN1WumcCwafnluBnqooOExFdDA=="
    },
    "miniprogram-api-typings": {
      "version": "3.4.1",
      "resolved": "https://registry.npmjs.org/miniprogram-api-typings/-/miniprogram-api-typings-3.4.1.tgz",
      "integrity": "sha512-kGUJ4zLgwzGyhtCOR2DTz8LTPkKJVek9OqspzGoMVcrmAKV76WqJ6sEOwJoQ1kO/VlTuXEKCu9+ZXB7hFKLcmw==",
      "dev": true
    }
  }
}
