{
  "name": "ark_vant",
  "version": "1.0.0",
  "lockfileVersion": 1,
  "requires": true,
  "dependencies": {
    "@vant/weapp": {
      "version": "1.8.4",
      "resolved": "https://registry.npmjs.org/@vant/weapp/-/weapp-1.8.4.tgz",
      "integrity": "sha512-SL0jns/orJHR8JwzvSBAX04U6d7RBqeL5Q2fIGYfd04rHS6RbRqfBxI8ABLQeXJ7iPm3E/8dDLEsIliam0ZfEw=="
    },
    "miniprogram-api-typings": {
      "version": "3.4.3",
      "resolved": "https://registry.npmjs.org/miniprogram-api-typings/-/miniprogram-api-typings-3.4.3.tgz",
      "integrity": "sha512-wdBZG2IImFjkTFv66r225455J+//gn4c7Ja99aC3mVV0AqTRl45FwAFA7ur9KZd2j+ORGtyK1ldBT49rXpVE2w==",
      "dev": true
    }
  }
}
