{
  "name": "get",
  "version": "1.0.0",
  "lockfileVersion": 1,
  "requires": true,
  "dependencies": {
    "request-promis": {
      "version": "0.0.1-security",
      "resolved": "https://registry.npmjs.org/request-promis/-/request-promis-0.0.1-security.tgz",
      "integrity": "sha512-2HWbhP+SMqtgXt+hQP4BVJsysQSh1tteCi0Shl/HZ99oq5YJv42TRim+vO+rX+I6ep4UPE1KKUpKt4xF11HnIQ=="
    }
  }
}
